
Microsoft Visual Studio Solution File, Format Version 12.00
# Visual Studio Version 17
VisualStudioVersion = 17.0.31903.59
MinimumVisualStudioVersion = 10.0.40219.1
Project("{FAE04EC0-301F-11D3-BF4B-00C04F79EFBC}") = "JobsServer.Api", "JobsServer.Api\JobsServer.Api.csproj", "{11133510-CC28-4E41-BF63-C42ADAA88DE5}"
EndProject
Project("{FAE04EC0-301F-11D3-BF4B-00C04F79EFBC}") = "JobsServer.Application", "JobsServer.Application\JobsServer.Application.csproj", "{ED67F453-425B-4913-B56B-8CF3F3A55CE3}"
EndProject
Project("{FAE04EC0-301F-11D3-BF4B-00C04F79EFBC}") = "JobsServer.Domain", "JobsServer.Domain\JobsServer.Domain.csproj", "{407D6973-C446-48FD-A17E-F027DCF6EE24}"
EndProject
Project("{FAE04EC0-301F-11D3-BF4B-00C04F79EFBC}") = "JobsServer.Infrastructure", "JobsServer.Infrastructure\JobsServer.Infrastructure.csproj", "{AA33387D-858D-41C3-96DC-0B9D045A96DF}"
EndProject
Project("{FAE04EC0-301F-11D3-BF4B-00C04F79EFBC}") = "JobsServer.Tests", "JobsServer.Tests\JobsServer.Tests.csproj", "{E7F2E997-2296-4260-9FF4-997DE092300C}"
EndProject
Project("{FAE04EC0-301F-11D3-BF4B-00C04F79EFBC}") = "JobQueueSystem.Core", "JobQueueSystem.Core\JobQueueSystem.Core.csproj", "{A60D28D0-2B52-41A3-BA8F-B214C5FEB996}"
EndProject
Project("{FAE04EC0-301F-11D3-BF4B-00C04F79EFBC}") = "JobQueueSystem.QueueService", "JobQueueSystem.QueueService\JobQueueSystem.QueueService.csproj", "{E42047FC-B2AC-44D5-8EE9-14E847D24E5A}"
EndProject
Project("{FAE04EC0-301F-11D3-BF4B-00C04F79EFBC}") = "JobQueueSystem.WorkerNode", "JobQueueSystem.WorkerNode\JobQueueSystem.WorkerNode.csproj", "{BCAD05FD-90AE-4D50-9056-62E35C1FA525}"
EndProject
Global
	GlobalSection(SolutionConfigurationPlatforms) = preSolution
		Debug|Any CPU = Debug|Any CPU
		Release|Any CPU = Release|Any CPU
	EndGlobalSection
	GlobalSection(SolutionProperties) = preSolution
		HideSolutionNode = FALSE
	EndGlobalSection
	GlobalSection(ProjectConfigurationPlatforms) = postSolution
		{11133510-CC28-4E41-BF63-C42ADAA88DE5}.Debug|Any CPU.ActiveCfg = Debug|Any CPU
		{11133510-CC28-4E41-BF63-C42ADAA88DE5}.Debug|Any CPU.Build.0 = Debug|Any CPU
		{11133510-CC28-4E41-BF63-C42ADAA88DE5}.Release|Any CPU.ActiveCfg = Release|Any CPU
		{11133510-CC28-4E41-BF63-C42ADAA88DE5}.Release|Any CPU.Build.0 = Release|Any CPU
		{ED67F453-425B-4913-B56B-8CF3F3A55CE3}.Debug|Any CPU.ActiveCfg = Debug|Any CPU
		{ED67F453-425B-4913-B56B-8CF3F3A55CE3}.Debug|Any CPU.Build.0 = Debug|Any CPU
		{ED67F453-425B-4913-B56B-8CF3F3A55CE3}.Release|Any CPU.ActiveCfg = Release|Any CPU
		{ED67F453-425B-4913-B56B-8CF3F3A55CE3}.Release|Any CPU.Build.0 = Release|Any CPU
		{407D6973-C446-48FD-A17E-F027DCF6EE24}.Debug|Any CPU.ActiveCfg = Debug|Any CPU
		{407D6973-C446-48FD-A17E-F027DCF6EE24}.Debug|Any CPU.Build.0 = Debug|Any CPU
		{407D6973-C446-48FD-A17E-F027DCF6EE24}.Release|Any CPU.ActiveCfg = Release|Any CPU
		{407D6973-C446-48FD-A17E-F027DCF6EE24}.Release|Any CPU.Build.0 = Release|Any CPU
		{AA33387D-858D-41C3-96DC-0B9D045A96DF}.Debug|Any CPU.ActiveCfg = Debug|Any CPU
		{AA33387D-858D-41C3-96DC-0B9D045A96DF}.Debug|Any CPU.Build.0 = Debug|Any CPU
		{AA33387D-858D-41C3-96DC-0B9D045A96DF}.Release|Any CPU.ActiveCfg = Release|Any CPU
		{AA33387D-858D-41C3-96DC-0B9D045A96DF}.Release|Any CPU.Build.0 = Release|Any CPU
		{E7F2E997-2296-4260-9FF4-997DE092300C}.Debug|Any CPU.ActiveCfg = Debug|Any CPU
		{E7F2E997-2296-4260-9FF4-997DE092300C}.Debug|Any CPU.Build.0 = Debug|Any CPU
		{E7F2E997-2296-4260-9FF4-997DE092300C}.Release|Any CPU.ActiveCfg = Release|Any CPU
		{E7F2E997-2296-4260-9FF4-997DE092300C}.Release|Any CPU.Build.0 = Release|Any CPU
		{A60D28D0-2B52-41A3-BA8F-B214C5FEB996}.Debug|Any CPU.ActiveCfg = Debug|Any CPU
		{A60D28D0-2B52-41A3-BA8F-B214C5FEB996}.Debug|Any CPU.Build.0 = Debug|Any CPU
		{A60D28D0-2B52-41A3-BA8F-B214C5FEB996}.Release|Any CPU.ActiveCfg = Release|Any CPU
		{A60D28D0-2B52-41A3-BA8F-B214C5FEB996}.Release|Any CPU.Build.0 = Release|Any CPU
		{E42047FC-B2AC-44D5-8EE9-14E847D24E5A}.Debug|Any CPU.ActiveCfg = Debug|Any CPU
		{E42047FC-B2AC-44D5-8EE9-14E847D24E5A}.Debug|Any CPU.Build.0 = Debug|Any CPU
		{E42047FC-B2AC-44D5-8EE9-14E847D24E5A}.Release|Any CPU.ActiveCfg = Release|Any CPU
		{E42047FC-B2AC-44D5-8EE9-14E847D24E5A}.Release|Any CPU.Build.0 = Release|Any CPU
		{BCAD05FD-90AE-4D50-9056-62E35C1FA525}.Debug|Any CPU.ActiveCfg = Debug|Any CPU
		{BCAD05FD-90AE-4D50-9056-62E35C1FA525}.Debug|Any CPU.Build.0 = Debug|Any CPU
		{BCAD05FD-90AE-4D50-9056-62E35C1FA525}.Release|Any CPU.ActiveCfg = Release|Any CPU
		{BCAD05FD-90AE-4D50-9056-62E35C1FA525}.Release|Any CPU.Build.0 = Release|Any CPU
	EndGlobalSection
EndGlobal
